
Microsoft Visual Studio Solution File, Format Version 12.00
# Visual Studio Version 17
VisualStudioVersion = 17.13.35825.156
MinimumVisualStudioVersion = 10.0.40219.1
Project("{FAE04EC0-301F-11D3-BF4B-00C04F79EFBC}") = "lumea_copiilor_2", "lumea_copiilor_2.csproj", "{E8485727-8EBF-4A30-BF3D-75B72CB4DA20}"
EndProject
Global
	GlobalSection(SolutionConfigurationPlatforms) = preSolution
		Debug|Any CPU = Debug|Any CPU
		Release|Any CPU = Release|Any CPU
	EndGlobalSection
	GlobalSection(ProjectConfigurationPlatforms) = postSolution
		{E8485727-8EBF-4A30-BF3D-75B72CB4DA20}.Debug|Any CPU.ActiveCfg = Debug|Any CPU
		{E8485727-8EBF-4A30-BF3D-75B72CB4DA20}.Debug|Any CPU.Build.0 = Debug|Any CPU
		{E8485727-8EBF-4A30-BF3D-75B72CB4DA20}.Release|Any CPU.ActiveCfg = Release|Any CPU
		{E8485727-8EBF-4A30-BF3D-75B72CB4DA20}.Release|Any CPU.Build.0 = Release|Any CPU
	EndGlobalSection
	GlobalSection(SolutionProperties) = preSolution
		HideSolutionNode = FALSE
	EndGlobalSection
	GlobalSection(ExtensibilityGlobals) = postSolution
		SolutionGuid = {24F7FB67-8098-4773-9893-D261DFE6A717}
	EndGlobalSection
EndGlobal
